
Microsoft Visual Studio Solution File, Format Version 12.00
# Visual Studio Version 17
VisualStudioVersion = 17.13.35806.99 d17.13
MinimumVisualStudioVersion = 10.0.40219.1
Project("{8BC9CEB8-8B4A-11D0-8D11-00A0C91BC942}") = "snake_basic", "snake_basic.vcxproj", "{221FF2E0-4356-4E06-B3F8-CCA0BA2D0CBE}"
EndProject
Global
	GlobalSection(SolutionConfigurationPlatforms) = preSolution
		Debug|x64 = Debug|x64
		Debug|x86 = Debug|x86
		Release|x64 = Release|x64
		Release|x86 = Release|x86
	EndGlobalSection
	GlobalSection(ProjectConfigurationPlatforms) = postSolution
		{221FF2E0-4356-4E06-B3F8-CCA0BA2D0CBE}.Debug|x64.ActiveCfg = Debug|x64
		{221FF2E0-4356-4E06-B3F8-CCA0BA2D0CBE}.Debug|x64.Build.0 = Debug|x64
		{221FF2E0-4356-4E06-B3F8-CCA0BA2D0CBE}.Debug|x86.ActiveCfg = Debug|Win32
		{221FF2E0-4356-4E06-B3F8-CCA0BA2D0CBE}.Debug|x86.Build.0 = Debug|Win32
		{221FF2E0-4356-4E06-B3F8-CCA0BA2D0CBE}.Release|x64.ActiveCfg = Release|x64
		{221FF2E0-4356-4E06-B3F8-CCA0BA2D0CBE}.Release|x64.Build.0 = Release|x64
		{221FF2E0-4356-4E06-B3F8-CCA0BA2D0CBE}.Release|x86.ActiveCfg = Release|Win32
		{221FF2E0-4356-4E06-B3F8-CCA0BA2D0CBE}.Release|x86.Build.0 = Release|Win32
	EndGlobalSection
	GlobalSection(SolutionProperties) = preSolution
		HideSolutionNode = FALSE
	EndGlobalSection
	GlobalSection(ExtensibilityGlobals) = postSolution
		SolutionGuid = {D4026C16-453F-4B4A-83CE-964853774937}
	EndGlobalSection
EndGlobal
